github.com/Pallinder/go-randomdata v1.1.0 h1:gUubB1IEUliFmzjqjhf+bgkg1o6uoFIkRsP3VrhEcx8=
github.com/Pallinder/go-randomdata v1.1.0/go.mod h1:yHmJgulpD2Nfrm0cR9tI/+oAgRqCQQixsA8HyRZfV9Y=
github.com/colinmarc/cdb v0.0.0-20190223170904-60f317823f70 h1:1uCY1nJQwssamFp/L2rk8rRycjBn0l2nYIrP/pPBRgE=
github.com/colinmarc/cdb v0.0.0-20190223170904-60f317823f70/go.mod h1:lZuNMoMtkGwujKDy0EndRQBl7owNIHwRq1ycvQeaWqg=
github.com/creack/pty v1.1.24 h1:bJrF4RRfyJnbTJqzRLHzcGaZK1NeM5kTC9jGgovnR1s=
github.com/creack/pty v1.1.24/go.mod h1:08sCNb52WyoAwi2QDyzUCTgcvVFhUzewun7wtTfvcwE=
github.com/davecgh/go-spew v1.1.0 h1:ZDRjVQ15GmhC3fiQ8ni8+OwkZQO4DARzQgrnXU1Liz8=
github.com/davecgh/go-spew v1.1.0/go.mod h1:J7Y8YcW2NihsgmVo/mv3lAwl/skON4iLHjSsI+c5H38=
github.com/pmezard/go-difflib v1.0.0 h1:4DBwDE0NGyQoBHbLQYPwSUPoCMWR5BEzIk/f1lZbAQM=
github.com/pmezard/go-difflib v1.0.0/go.mod h1:iKH77koFhYxTK1pcRnkKkqfTogsbg7gZNVY4sRDYZ/4=
github.com/stretchr/objx v0.1.0/go.mod h1:HFkY916IF+rwdDfMAkV7OtwuqBVzrE8GR6GFx+wExME=
github.com/stretchr/testify v1.3.0 h1:TivCn/peBQ7UY8ooIcPgZFpTNSz0Q2U6UrFlUfqbe0Q=
github.com/stretchr/testify v1.3.0/go.mod h1:M5WIy9Dh21IEIfnGCwXGc5bZfKNJtfHm1UVUgZn+9EI=
golang.org/x/sys v0.42.0 h1:omrd2nAlyT5ESRdCLYdm3+fMfNFE/+Rf4bDIQImRJeo=
golang.org/x/sys v0.42.0/go.mod h1:4GL1E5IUh+htKOUEOaiffhrAeqysfVGipDYzABqnCmw=
golang.org/x/term v0.41.0 h1:QCgPso/Q3RTJx2Th4bDLqML4W6iJiaXFq2/ftQF13YU=
golang.org/x/term v0.41.0/go.mod h1:3pfBgksrReYfZ5lvYM0kSO0LIkAl4Yl2bXOkKP7Ec2A=
tea.kareha.org/cup/termi v0.0.0-20260503065845-6cfa102feba5 h1:5q2teb9/qs+VtcVmP+A7PaV6VSbmGOQszECi1n2Ha7I=
tea.kareha.org/cup/termi v0.0.0-20260503065845-6cfa102feba5/go.mod h1:sXymS6HwRZS6gUxfeXjLEN5GYXEbGWVZplA/AOBO8JI=
